
Microsoft Visual Studio Solution File, Format Version 12.00
# Visual Studio Version 16
VisualStudioVersion = 16.0.30517.126
MinimumVisualStudioVersion = 10.0.40219.1
Project("{9A19103F-16F7-4668-BE54-9A1E7A4F7556}") = "API", "API.csproj", "{AF628E7B-C21C-4049-A49F-B94515651C1E}"
EndProject
Project("{FAE04EC0-301F-11D3-BF4B-00C04F79EFBC}") = "DAL", "..\DAL\DAL.csproj", "{39DF1F04-4059-42BF-B3F7-7E173E5D9424}"
EndProject
Global
	GlobalSection(SolutionConfigurationPlatforms) = preSolution
		Debug|Any CPU = Debug|Any CPU
		Release|Any CPU = Release|Any CPU
	EndGlobalSection
	GlobalSection(ProjectConfigurationPlatforms) = postSolution
		{AF628E7B-C21C-4049-A49F-B94515651C1E}.Debug|Any CPU.ActiveCfg = Debug|Any CPU
		{AF628E7B-C21C-4049-A49F-B94515651C1E}.Debug|Any CPU.Build.0 = Debug|Any CPU
		{AF628E7B-C21C-4049-A49F-B94515651C1E}.Release|Any CPU.ActiveCfg = Release|Any CPU
		{AF628E7B-C21C-4049-A49F-B94515651C1E}.Release|Any CPU.Build.0 = Release|Any CPU
		{39DF1F04-4059-42BF-B3F7-7E173E5D9424}.Debug|Any CPU.ActiveCfg = Debug|Any CPU
		{39DF1F04-4059-42BF-B3F7-7E173E5D9424}.Debug|Any CPU.Build.0 = Debug|Any CPU
		{39DF1F04-4059-42BF-B3F7-7E173E5D9424}.Release|Any CPU.ActiveCfg = Release|Any CPU
		{39DF1F04-4059-42BF-B3F7-7E173E5D9424}.Release|Any CPU.Build.0 = Release|Any CPU
	EndGlobalSection
	GlobalSection(SolutionProperties) = preSolution
		HideSolutionNode = FALSE
	EndGlobalSection
	GlobalSection(ExtensibilityGlobals) = postSolution
		SolutionGuid = {2ACAED35-BC55-48E1-AA1E-B9A9C8DDE7CE}
	EndGlobalSection
EndGlobal
